{
    "_meta": {
        "hash": {
            "sha256": "e7c73eb74404992f21fbbd6501fcb11347cce7625c79ed8bea8d79c0f81cbe33"
        },
        "pipfile-spec": 6,
        "requires": {
            "python_version": "3.6"
        },
        "sources": [
            {
                "name": "pypi",
                "url": "https://pypi.org/simple",
                "verify_ssl": true
            }
        ]
    },
    "default": {
        "certifi": {
            "hashes": [
                "sha256:13e698f54293db9f89122b0581843a782ad0934a4fe0172d2a980ba77fc61bb7",
                "sha256:9fa520c1bacfb634fa7af20a76bcbd3d5fb390481724c597da32c719a7dca4b0"
            ],
            "version": "==2018.4.16"
        },
        "chardet": {
            "hashes": [
                "sha256:84ab92ed1c4d4f16916e05906b6b75a6c0fb5db821cc65e70cbd64a3e2a5eaae",
                "sha256:fc323ffcaeaed0e0a02bf4d117757b98aed530d9ed4531e3e15460124c106691"
            ],
            "version": "==3.0.4"
        },
        "google-api-python-client": {
            "hashes": [
                "sha256:05583a386e323f428552419253765314a4b29828c3cee15be735f9ebfa5aebf2",
                "sha256:1838f66ea239647887eef7c58a9c70de25914bcb82ff093d69c64817ac74a9b3"
            ],
            "index": "pypi",
            "version": "==1.6.7"
        },
        "httplib2": {
            "hashes": [
                "sha256:e71daed9a0e6373642db61166fa70beecc9bf04383477f84671348c02a04cbdf"
            ],
            "version": "==0.11.3"
        },
        "idna": {
            "hashes": [
                "sha256:2c6a5de3089009e3da7c5dde64a141dbc8551d5b7f6cf4ed7c2568d0cc520a8f",
                "sha256:8c7309c718f94b3a625cb648ace320157ad16ff131ae0af362c9f21b80ef6ec4"
            ],
            "version": "==2.6"
        },
        "lxml": {
            "hashes": [
                "sha256:01c45df6d90497c20aa2a07789a41941f9a1029faa30bf725fc7f6d515b1afe9",
                "sha256:0c9fef4f8d444e337df96c54544aeb85b7215b2ed7483bb6c35de97ac99f1bcd",
                "sha256:0e3cd94c95d30ba9ca3cff40e9b2a14e1a10a4fd8131105b86c6b61648f57e4b",
                "sha256:0e7996e9b46b4d8b4ac1c329a00e2d10edcd8380b95d2a676fccabf4c1dd0512",
                "sha256:1858b1933d483ec5727549d3fe166eeb54229fbd6a9d3d7ea26d2c8a28048058",
                "sha256:1b164bba1320b14905dcff77da10d5ce9c411ac4acc4fb4ed9a2a4d10fae38c9",
                "sha256:1b46f37927fa6cd1f3fe34b54f1a23bd5bea1d905657289e08e1297069a1a597",
                "sha256:231047b05907315ae9a9b6925751f9fd2c479cf7b100fff62485a25e382ca0d4",
                "sha256:28f0c6652c1b130f1e576b60532f84b19379485eb8da6185c29bd8c9c9bc97bf",
                "sha256:34d49d0f72dd82b9530322c48b70ac78cca0911275da741c3b1d2f3603c5f295",
                "sha256:3682a17fbf72d56d7e46db2e80ca23850b79c28cfe75dcd9b82f58808f730909",
                "sha256:3cf2830b9a6ad7f6e965fa53a768d4d2372a7856f20ffa6ce43d2fe9c0d34b19",
                "sha256:5b653c9379ce29ce271fbe1010c5396670f018e78b643e21beefbb3dc6d291de",
                "sha256:65a272821d5d8194358d6b46f3ca727fa56a6b63981606eac737c86d27309cdd",
                "sha256:691f2cd97cf026c611df1ea5055755eec7f878f2d4f4330dc8686583de6fc5fd",
                "sha256:6b6379495d3baacf7ed755ac68547c8dff6ce5d37bf370f0b7678888dc1283f9",
                "sha256:75322a531504d4f383264391d89993a42e286da8821ddc5ac315e57305cb84f0",
                "sha256:7f457cbda964257f443bac861d3a36732dcba8183149e7818ee2fb7c86901b94",
                "sha256:7ff1fc76d8804e0f870c343a72007ff587090c218b0f92d8ee784ac2b6eaf5b9",
                "sha256:8523fbde9c2216f3f2b950cb01ebe52e785eaa8a07ffeb456dd3576ca1b4fb9b",
                "sha256:8f37627f16e026523fca326f1b5c9a43534862fede6c3e99c2ba6a776d75c1ab",
                "sha256:a7182ea298cc3555ea56ffbb0748fe0d5e0d81451e2bc16d7f4645cd01b1ca70",
                "sha256:abbd2fb4a5a04c11b5e04eb146659a0cf67bb237dd3d7ca3b9994d3a9f826e55",
                "sha256:accc9f6b77bed0a6f267b4fae120f6008a951193d548cdbe9b61fc98a08b1cf8",
                "sha256:bd88c8ce0d1504fdfd96a35911dd4f3edfb2e560d7cfdb5a3d09aa571ae5fbae",
                "sha256:c557ad647facb3c0027a9d0af58853f905e85a0a2f04dcb73f8e665272fcdc3a",
                "sha256:defabb7fbb99f9f7b3e0b24b286a46855caef4776495211b066e9e6592d12b04",
                "sha256:e2629cdbcad82b83922a3488937632a4983ecc0fed3e5cfbf430d069382eeb9b"
            ],
            "index": "pypi",
            "version": "==4.2.1"
        },
        "oauth2client": {
            "hashes": [
                "sha256:bd3062c06f8b10c6ef7a890b22c2740e5f87d61b6e1f4b1c90d069cdfc9dadb5",
                "sha256:cf061f52f75e91d489bf5c276498f8af2655fe331b454f10022441513cf445a6"
            ],
            "version": "==4.1.2"
        },
        "pyasn1": {
            "hashes": [
                "sha256:2f57960dc7a2820ea5a1782b872d974b639aa3b448ac6628d1ecc5d0fe3986f2",
                "sha256:3651774ca1c9726307560792877db747ba5e8a844ea1a41feb7670b319800ab3",
                "sha256:602fda674355b4701acd7741b2be5ac188056594bf1eecf690816d944e52905e",
                "sha256:8fb265066eac1d3bb5015c6988981b009ccefd294008ff7973ed5f64335b0f2d",
                "sha256:9334cb427609d2b1e195bb1e251f99636f817d7e3e1dffa150cb3365188fb992",
                "sha256:9a15cc13ff6bf5ed29ac936ca941400be050dff19630d6cd1df3fb978ef4c5ad",
                "sha256:a66dcda18dbf6e4663bde70eb30af3fc4fe1acb2d14c4867a861681887a5f9a2",
                "sha256:ba77f1e8d7d58abc42bfeddd217b545fdab4c1eeb50fd37c2219810ad56303bf",
                "sha256:cdc8eb2eaafb56de66786afa6809cd9db2df1b3b595dcb25aa5b9dc61189d40a",
                "sha256:d01fbba900c80b42af5c3fe1a999acf61e27bf0e452e0f1ef4619065e57622da",
                "sha256:f281bf11fe204f05859225ec2e9da7a7c140b65deccd8a4eb0bc75d0bd6949e0",
                "sha256:fb81622d8f3509f0026b0683fe90fea27be7284d3826a5f2edf97f69151ab0fc"
            ],
            "version": "==0.4.3"
        },
        "pyasn1-modules": {
            "hashes": [
                "sha256:041e9fbafac548d095f5b6c3b328b80792f006196e15a232b731a83c93d59493",
                "sha256:0cdca76a68dcb701fff58c397de0ef9922b472b1cb3ea9695ca19d03f1869787",
                "sha256:0cea139045c38f84abaa803bcb4b5e8775ea12a42af10019d942f227acc426c3",
                "sha256:0f2e50d20bc670be170966638fa0ae603f0bc9ed6ebe8e97a6d1d4cef30cc889",
                "sha256:47fb6757ab78fe966e7c58b2030b546854f78416d653163f0ce9290cf2278e8b",
                "sha256:598a6004ec26a8ab40a39ea955068cf2a3949ad9c0030da970f2e1ca4c9f1cc9",
                "sha256:72fd8b0c11191da088147c6e4678ec53e573923ecf60b57eeac9e97433e09fc2",
                "sha256:854700bbdd01394e2ada9c1bfbd0ed9f5d0c551350dbbd023e88b11d2771ae06",
                "sha256:af00ea8f2022b6287dc375b2c70f31ab5af83989fc6fe9eacd4976ce26cd7ccc",
                "sha256:b1f395cae2d669e0830cb023aa86f9f283b7a9aa32317d7f80d8e78aa2745812",
                "sha256:c6747146e95d2b14cc2a8399b2b0bde3f93778f8f9ec704690d2b589c376c137",
                "sha256:f53fe5bcebdf318f51399b250fe8325ef3a26d927f012cc0c8e0f9e9af7f9deb"
            ],
            "version": "==0.2.1"
        },
        "python-dateutil": {
            "hashes": [
                "sha256:1adb80e7a782c12e52ef9a8182bebeb73f1d7e24e374397af06fb4956c8dc5c0",
                "sha256:e27001de32f627c22380a688bcc43ce83504a7bc5da472209b4c70f02829f0b8"
            ],
            "index": "pypi",
            "version": "==2.7.3"
        },
        "pytz": {
            "hashes": [
                "sha256:65ae0c8101309c45772196b21b74c46b2e5d11b6275c45d251b150d5da334555",
                "sha256:c06425302f2cf668f1bba7a0a03f3c1d34d4ebeef2c72003da308b3947c7f749"
            ],
            "index": "pypi",
            "version": "==2018.4"
        },
        "requests": {
            "hashes": [
                "sha256:6a1b267aa90cac58ac3a765d067950e7dbbf75b1da07e895d1f594193a40a38b",
                "sha256:9c443e7324ba5b85070c4a818ade28bfabedf16ea10206da1132edaa6dda237e"
            ],
            "index": "pypi",
            "version": "==2.18.4"
        },
        "rsa": {
            "hashes": [
                "sha256:25df4e10c263fb88b5ace923dd84bf9aa7f5019687b5e55382ffcdb8bede9db5",
                "sha256:43f682fea81c452c98d09fc316aae12de6d30c4b5c84226642cf8f8fd1c93abd"
            ],
            "version": "==3.4.2"
        },
        "six": {
            "hashes": [
                "sha256:70e8a77beed4562e7f14fe23a786b54f6296e34344c23bc42f07b15018ff98e9",
                "sha256:832dc0e10feb1aa2c68dcc57dbb658f1c7e65b9b61af69048abc87a2db00a0eb"
            ],
            "version": "==1.11.0"
        },
        "uritemplate": {
            "hashes": [
                "sha256:01c69f4fe8ed503b2951bef85d996a9d22434d2431584b5b107b2981ff416fbd",
                "sha256:1b9c467a940ce9fb9f50df819e8ddd14696f89b9a8cc87ac77952ba416e0a8fd",
                "sha256:c02643cebe23fc8adb5e6becffe201185bf06c40bda5c0b4028a93f1527d011d"
            ],
            "version": "==3.0.0"
        },
        "urllib3": {
            "hashes": [
                "sha256:06330f386d6e4b195fbfc736b297f58c5a892e4440e54d294d7004e3a9bbea1b",
                "sha256:cc44da8e1145637334317feebd728bd869a35285b93cbb4cca2577da7e62db4f"
            ],
            "version": "==1.22"
        }
    },
    "develop": {
        "astroid": {
            "hashes": [
                "sha256:032f6e09161e96f417ea7fad46d3fac7a9019c775f202182c22df0e4f714cb1c",
                "sha256:dea42ae6e0b789b543f728ddae7ddb6740ba33a49fb52c4a4d9cb7bb4aa6ec09"
            ],
            "version": "==1.6.4"
        },
        "certifi": {
            "hashes": [
                "sha256:13e698f54293db9f89122b0581843a782ad0934a4fe0172d2a980ba77fc61bb7",
                "sha256:9fa520c1bacfb634fa7af20a76bcbd3d5fb390481724c597da32c719a7dca4b0"
            ],
            "version": "==2018.4.16"
        },
        "chardet": {
            "hashes": [
                "sha256:84ab92ed1c4d4f16916e05906b6b75a6c0fb5db821cc65e70cbd64a3e2a5eaae",
                "sha256:fc323ffcaeaed0e0a02bf4d117757b98aed530d9ed4531e3e15460124c106691"
            ],
            "version": "==3.0.4"
        },
        "idna": {
            "hashes": [
                "sha256:2c6a5de3089009e3da7c5dde64a141dbc8551d5b7f6cf4ed7c2568d0cc520a8f",
                "sha256:8c7309c718f94b3a625cb648ace320157ad16ff131ae0af362c9f21b80ef6ec4"
            ],
            "version": "==2.6"
        },
        "isort": {
            "hashes": [
                "sha256:1153601da39a25b14ddc54955dbbacbb6b2d19135386699e2ad58517953b34af",
                "sha256:b9c40e9750f3d77e6e4d441d8b0266cf555e7cdabdcff33c4fd06366ca761ef8",
                "sha256:ec9ef8f4a9bc6f71eec99e1806bfa2de401650d996c59330782b89a5555c1497"
            ],
            "version": "==4.3.4"
        },
        "lazy-object-proxy": {
            "hashes": [
                "sha256:0ce34342b419bd8f018e6666bfef729aec3edf62345a53b537a4dcc115746a33",
                "sha256:1b668120716eb7ee21d8a38815e5eb3bb8211117d9a90b0f8e21722c0758cc39",
                "sha256:209615b0fe4624d79e50220ce3310ca1a9445fd8e6d3572a896e7f9146bbf019",
                "sha256:27bf62cb2b1a2068d443ff7097ee33393f8483b570b475db8ebf7e1cba64f088",
                "sha256:27ea6fd1c02dcc78172a82fc37fcc0992a94e4cecf53cb6d73f11749825bd98b",
                "sha256:2c1b21b44ac9beb0fc848d3993924147ba45c4ebc24be19825e57aabbe74a99e",
                "sha256:2df72ab12046a3496a92476020a1a0abf78b2a7db9ff4dc2036b8dd980203ae6",
                "sha256:320ffd3de9699d3892048baee45ebfbbf9388a7d65d832d7e580243ade426d2b",
                "sha256:50e3b9a464d5d08cc5227413db0d1c4707b6172e4d4d915c1c70e4de0bbff1f5",
                "sha256:5276db7ff62bb7b52f77f1f51ed58850e315154249aceb42e7f4c611f0f847ff",
                "sha256:61a6cf00dcb1a7f0c773ed4acc509cb636af2d6337a08f362413c76b2b47a8dd",
                "sha256:6ae6c4cb59f199d8827c5a07546b2ab7e85d262acaccaacd49b62f53f7c456f7",
                "sha256:7661d401d60d8bf15bb5da39e4dd72f5d764c5aff5a86ef52a042506e3e970ff",
                "sha256:7bd527f36a605c914efca5d3d014170b2cb184723e423d26b1fb2fd9108e264d",
                "sha256:7cb54db3535c8686ea12e9535eb087d32421184eacc6939ef15ef50f83a5e7e2",
                "sha256:7f3a2d740291f7f2c111d86a1c4851b70fb000a6c8883a59660d95ad57b9df35",
                "sha256:81304b7d8e9c824d058087dcb89144842c8e0dea6d281c031f59f0acf66963d4",
                "sha256:933947e8b4fbe617a51528b09851685138b49d511af0b6c0da2539115d6d4514",
                "sha256:94223d7f060301b3a8c09c9b3bc3294b56b2188e7d8179c762a1cda72c979252",
                "sha256:ab3ca49afcb47058393b0122428358d2fbe0408cf99f1b58b295cfeb4ed39109",
                "sha256:bd6292f565ca46dee4e737ebcc20742e3b5be2b01556dafe169f6c65d088875f",
                "sha256:cb924aa3e4a3fb644d0c463cad5bc2572649a6a3f68a7f8e4fbe44aaa6d77e4c",
                "sha256:d0fc7a286feac9077ec52a927fc9fe8fe2fabab95426722be4c953c9a8bede92",
                "sha256:ddc34786490a6e4ec0a855d401034cbd1242ef186c20d79d2166d6a4bd449577",
                "sha256:e34b155e36fa9da7e1b7c738ed7767fc9491a62ec6af70fe9da4a057759edc2d",
                "sha256:e5b9e8f6bda48460b7b143c3821b21b452cb3a835e6bbd5dd33aa0c8d3f5137d",
                "sha256:e81ebf6c5ee9684be8f2c87563880f93eedd56dd2b6146d8a725b50b7e5adb0f",
                "sha256:eb91be369f945f10d3a49f5f9be8b3d0b93a4c2be8f8a5b83b0571b8123e0a7a",
                "sha256:f460d1ceb0e4a5dcb2a652db0904224f367c9b3c1470d5a7683c0480e582468b"
            ],
            "version": "==1.3.1"
        },
        "mccabe": {
            "hashes": [
                "sha256:ab8a6258860da4b6677da4bd2fe5dc2c659cff31b3ee4f7f5d64e79735b80d42",
                "sha256:dd8d182285a0fe56bace7f45b5e7d1a6ebcbf524e8f3bd87eb0f125271b8831f"
            ],
            "version": "==0.6.1"
        },
        "pkginfo": {
            "hashes": [
                "sha256:5878d542a4b3f237e359926384f1dde4e099c9f5525d236b1840cf704fa8d474",
                "sha256:a39076cb3eb34c333a0dd390b568e9e1e881c7bf2cc0aee12120636816f55aee"
            ],
            "version": "==1.4.2"
        },
        "pylint": {
            "hashes": [
                "sha256:aa519865f8890a5905fa34924fed0f3bfc7d84fc9f9142c16dac52ffecd25a39",
                "sha256:c353d8225195b37cc3aef18248b8f3fe94c5a6a95affaf885ae21a24ca31d8eb"
            ],
            "index": "pypi",
            "version": "==1.9.1"
        },
        "requests": {
            "hashes": [
                "sha256:6a1b267aa90cac58ac3a765d067950e7dbbf75b1da07e895d1f594193a40a38b",
                "sha256:9c443e7324ba5b85070c4a818ade28bfabedf16ea10206da1132edaa6dda237e"
            ],
            "index": "pypi",
            "version": "==2.18.4"
        },
        "requests-toolbelt": {
            "hashes": [
                "sha256:42c9c170abc2cacb78b8ab23ac957945c7716249206f90874651971a4acff237",
                "sha256:f6a531936c6fa4c6cfce1b9c10d5c4f498d16528d2a54a22ca00011205a187b5"
            ],
            "version": "==0.8.0"
        },
        "six": {
            "hashes": [
                "sha256:70e8a77beed4562e7f14fe23a786b54f6296e34344c23bc42f07b15018ff98e9",
                "sha256:832dc0e10feb1aa2c68dcc57dbb658f1c7e65b9b61af69048abc87a2db00a0eb"
            ],
            "version": "==1.11.0"
        },
        "tqdm": {
            "hashes": [
                "sha256:224291ee0d8c52d91b037fd90806f48c79bcd9994d3b0abc9e44b946a908fccd",
                "sha256:77b8424d41b31e68f437c6dd9cd567aebc9a860507cb42fbd880a5f822d966fe"
            ],
            "version": "==4.23.4"
        },
        "twine": {
            "hashes": [
                "sha256:08eb132bbaec40c6d25b358f546ec1dc96ebd2638a86eea68769d9e67fe2b129",
                "sha256:2fd9a4d9ff0bcacf41fdc40c8cb0cfaef1f1859457c9653fd1b92237cc4e9f25"
            ],
            "index": "pypi",
            "version": "==1.11.0"
        },
        "urllib3": {
            "hashes": [
                "sha256:06330f386d6e4b195fbfc736b297f58c5a892e4440e54d294d7004e3a9bbea1b",
                "sha256:cc44da8e1145637334317feebd728bd869a35285b93cbb4cca2577da7e62db4f"
            ],
            "version": "==1.22"
        },
        "wrapt": {
            "hashes": [
                "sha256:d4d560d479f2c21e1b5443bbd15fe7ec4b37fe7e53d335d3b9b0a7b1226fe3c6"
            ],
            "version": "==1.10.11"
        }
    }
}
